
Microsoft Visual Studio Solution File, Format Version 12.00
# Visual Studio Version 17
VisualStudioVersion = 17.0.31903.59
MinimumVisualStudioVersion = 10.0.40219.1
Project("{2150E333-8FDC-42A3-9474-1A3956D46DE8}") = "Api", "Api", "{14134D3F-60B2-4F16-ABAE-0E9AE191A9EA}"
EndProject
Project("{2150E333-8FDC-42A3-9474-1A3956D46DE8}") = "Modules", "Modules", "{1C368A3F-122D-4FAD-9963-96D36C40FAA6}"
EndProject
Project("{2150E333-8FDC-42A3-9474-1A3956D46DE8}") = "Infrastructure", "Infrastructure", "{E65FC243-59A2-471B-B319-530DC7D16E3C}"
EndProject
Project("{FAE04EC0-301F-11D3-BF4B-00C04F79EFBC}") = "GoActive.WebApi", "src\api\GoActive.WebApi\GoActive.WebApi.csproj", "{51FFE49D-FB41-499B-9289-3F89BBA64F16}"
EndProject
Project("{2150E333-8FDC-42A3-9474-1A3956D46DE8}") = "Geo", "Geo", "{68E4B990-D9C6-44E0-9B18-6831B6FFD13B}"
EndProject
Project("{2150E333-8FDC-42A3-9474-1A3956D46DE8}") = "Workout", "Workout", "{E91AD24A-7614-4506-B7C7-7A74F69FA0ED}"
EndProject
Project("{2150E333-8FDC-42A3-9474-1A3956D46DE8}") = "NordicSki", "NordicSki", "{8F3FE094-0A8B-49FC-9FDA-9B7E8C51B520}"
EndProject
Project("{2150E333-8FDC-42A3-9474-1A3956D46DE8}") = "Persistence", "Persistence", "{9D9EDF65-0B68-4A1D-964D-D1362E80AAF8}"
EndProject
Project("{FAE04EC0-301F-11D3-BF4B-00C04F79EFBC}") = "GoActive.Modules.Geo.Domain", "src\modules\geo\GoActive.Modules.Geo.Domain\GoActive.Modules.Geo.Domain.csproj", "{76983492-9E05-4926-83CD-AB77459F20C1}"
EndProject
Project("{2150E333-8FDC-42A3-9474-1A3956D46DE8}") = ".solutionItems", ".solutionItems", "{EBA6CA2A-E131-4D32-8E1C-D7DEB41E13D2}"
	ProjectSection(SolutionItems) = preProject
		README.md = README.md
		Directory.Packages.props = Directory.Packages.props
		assets\c4diagrams\GoActiveFlow.drawio.png = assets\c4diagrams\GoActiveFlow.drawio.png
		assets\c4diagrams\GoActiveFlow-FlowSchema.drawio.png = assets\c4diagrams\GoActiveFlow-FlowSchema.drawio.png
		Directory.Build.props = Directory.Build.props
		Directory.Build.targets = Directory.Build.targets
		setup.README.md = setup.README.md
		tests\IntegrationTests\setup-integration-tests.README.md = tests\IntegrationTests\setup-integration-tests.README.md
	EndProjectSection
EndProject
Project("{2150E333-8FDC-42A3-9474-1A3956D46DE8}") = "tests", "tests", "{0A407594-C3CE-416A-A276-5E0E93C0BD58}"
EndProject
Project("{FAE04EC0-301F-11D3-BF4B-00C04F79EFBC}") = "GoActive.Modules.Geo.Application", "src\modules\geo\GoActive.Modules.Geo.Application\GoActive.Modules.Geo.Application.csproj", "{11E7303D-079F-47FC-9379-8EE2A4629F49}"
EndProject
Project("{2150E333-8FDC-42A3-9474-1A3956D46DE8}") = "Shared", "Shared", "{D010882A-97FC-447B-9F70-EFDCFACDC069}"
EndProject
Project("{FAE04EC0-301F-11D3-BF4B-00C04F79EFBC}") = "GoActive.Shared.Infrastructure", "src\modules\shared\GoActive.Shared.Infrastructure\GoActive.Shared.Infrastructure.csproj", "{5BB68ACB-9669-4FBB-969B-94DDCF48BB39}"
EndProject
Project("{FAE04EC0-301F-11D3-BF4B-00C04F79EFBC}") = "GoActive.Shared.Domain", "src\modules\shared\GoActive.Shared.Domain\GoActive.Shared.Domain.csproj", "{5159531E-45FC-4FB5-BF79-0459F10AE360}"
EndProject
Project("{2150E333-8FDC-42A3-9474-1A3956D46DE8}") = "Geo", "Geo", "{ABBC9D48-12F3-035D-B9D5-E20A39667723}"
EndProject
Project("{FAE04EC0-301F-11D3-BF4B-00C04F79EFBC}") = "GoActive.Infrastructure.Storage.Geo", "src\infrastructure\persistence\sql\GoActive.Infrastructure.Storage.Geo\GoActive.Infrastructure.Storage.Geo.csproj", "{C042F2F5-9A57-4B95-997C-D82E67EC7B46}"
EndProject
Project("{FAE04EC0-301F-11D3-BF4B-00C04F79EFBC}") = "GoActive.Infrastructure.Storage.Geo.Migrations", "src\infrastructure\persistence\sql\GoActive.Infrastructure.Storage.Geo.Migrations\GoActive.Infrastructure.Storage.Geo.Migrations.csproj", "{86331FF0-2F18-4E87-9E18-E8C74AEEBF06}"
EndProject
Project("{2150E333-8FDC-42A3-9474-1A3956D46DE8}") = "Import", "Import", "{9D8BABB6-F1A7-F0B5-3C5A-B697413C2584}"
EndProject
Project("{FAE04EC0-301F-11D3-BF4B-00C04F79EFBC}") = "GoActive.Infrastructure.Import.Geo", "src\infrastructure\import\GoActive.Infrastructure.Import.Geo\GoActive.Infrastructure.Import.Geo.csproj", "{74B4685B-ABA9-49BA-8887-7F33D860CF9E}"
EndProject
Project("{FAE04EC0-301F-11D3-BF4B-00C04F79EFBC}") = "GoActive.Shared.Serialization", "src\modules\shared\GoActive.Shared.Serialization\GoActive.Shared.Serialization.csproj", "{4AED342A-9846-46FF-8464-AFF53795DED5}"
EndProject
Project("{2150E333-8FDC-42A3-9474-1A3956D46DE8}") = "unitTests", "unitTests", "{6A090A45-0E9C-9206-0271-39022BCDC1DD}"
EndProject
Project("{2150E333-8FDC-42A3-9474-1A3956D46DE8}") = "integrationTests", "integrationTests", "{1B5D89C5-053D-F492-FFEE-BA683369F8E7}"
EndProject
Project("{FAE04EC0-301F-11D3-BF4B-00C04F79EFBC}") = "GoActive.Infrastructure.Import.Tests", "tests\UnitTests\GoActive.Infrastructure.Import.Tests\GoActive.Infrastructure.Import.Tests.csproj", "{68543C83-F31B-4D86-905A-E29E2C23B9AE}"
EndProject
Project("{FAE04EC0-301F-11D3-BF4B-00C04F79EFBC}") = "GoActive.Modules.Geo.Domain.Tests", "tests\UnitTests\GoActive.Modules.Geo.Domain.Tests\GoActive.Modules.Geo.Domain.Tests.csproj", "{C68A14EB-538F-4584-89DF-3296A124FE24}"
EndProject
Project("{FAE04EC0-301F-11D3-BF4B-00C04F79EFBC}") = "GoActive.Shared.Serialization.Tests", "tests\UnitTests\GoActive.Shared.Serialization.Tests\GoActive.Shared.Serialization.Tests.csproj", "{33679649-A3A3-42E7-8AB3-82572E6D8465}"
EndProject
Project("{FAE04EC0-301F-11D3-BF4B-00C04F79EFBC}") = "GoActive.Infrastructure.Import.IntegrationTests", "tests\IntegrationTests\GoActive.Infrastructure.Import.IntegrationTests\GoActive.Infrastructure.Import.IntegrationTests.csproj", "{70741BE6-1F2A-4EFE-A01E-773368462702}"
EndProject
Global
	GlobalSection(SolutionConfigurationPlatforms) = preSolution
		Debug|Any CPU = Debug|Any CPU
		Release|Any CPU = Release|Any CPU
	EndGlobalSection
	GlobalSection(ProjectConfigurationPlatforms) = postSolution
		{51FFE49D-FB41-499B-9289-3F89BBA64F16}.Debug|Any CPU.ActiveCfg = Debug|Any CPU
		{51FFE49D-FB41-499B-9289-3F89BBA64F16}.Debug|Any CPU.Build.0 = Debug|Any CPU
		{51FFE49D-FB41-499B-9289-3F89BBA64F16}.Release|Any CPU.ActiveCfg = Release|Any CPU
		{51FFE49D-FB41-499B-9289-3F89BBA64F16}.Release|Any CPU.Build.0 = Release|Any CPU
		{76983492-9E05-4926-83CD-AB77459F20C1}.Debug|Any CPU.ActiveCfg = Debug|Any CPU
		{76983492-9E05-4926-83CD-AB77459F20C1}.Debug|Any CPU.Build.0 = Debug|Any CPU
		{76983492-9E05-4926-83CD-AB77459F20C1}.Release|Any CPU.ActiveCfg = Release|Any CPU
		{76983492-9E05-4926-83CD-AB77459F20C1}.Release|Any CPU.Build.0 = Release|Any CPU
		{11E7303D-079F-47FC-9379-8EE2A4629F49}.Debug|Any CPU.ActiveCfg = Debug|Any CPU
		{11E7303D-079F-47FC-9379-8EE2A4629F49}.Debug|Any CPU.Build.0 = Debug|Any CPU
		{11E7303D-079F-47FC-9379-8EE2A4629F49}.Release|Any CPU.ActiveCfg = Release|Any CPU
		{11E7303D-079F-47FC-9379-8EE2A4629F49}.Release|Any CPU.Build.0 = Release|Any CPU
		{5BB68ACB-9669-4FBB-969B-94DDCF48BB39}.Debug|Any CPU.ActiveCfg = Debug|Any CPU
		{5BB68ACB-9669-4FBB-969B-94DDCF48BB39}.Debug|Any CPU.Build.0 = Debug|Any CPU
		{5BB68ACB-9669-4FBB-969B-94DDCF48BB39}.Release|Any CPU.ActiveCfg = Release|Any CPU
		{5BB68ACB-9669-4FBB-969B-94DDCF48BB39}.Release|Any CPU.Build.0 = Release|Any CPU
		{5159531E-45FC-4FB5-BF79-0459F10AE360}.Debug|Any CPU.ActiveCfg = Debug|Any CPU
		{5159531E-45FC-4FB5-BF79-0459F10AE360}.Debug|Any CPU.Build.0 = Debug|Any CPU
		{5159531E-45FC-4FB5-BF79-0459F10AE360}.Release|Any CPU.ActiveCfg = Release|Any CPU
		{5159531E-45FC-4FB5-BF79-0459F10AE360}.Release|Any CPU.Build.0 = Release|Any CPU
		{C042F2F5-9A57-4B95-997C-D82E67EC7B46}.Debug|Any CPU.ActiveCfg = Debug|Any CPU
		{C042F2F5-9A57-4B95-997C-D82E67EC7B46}.Debug|Any CPU.Build.0 = Debug|Any CPU
		{C042F2F5-9A57-4B95-997C-D82E67EC7B46}.Release|Any CPU.ActiveCfg = Release|Any CPU
		{C042F2F5-9A57-4B95-997C-D82E67EC7B46}.Release|Any CPU.Build.0 = Release|Any CPU
		{86331FF0-2F18-4E87-9E18-E8C74AEEBF06}.Debug|Any CPU.ActiveCfg = Debug|Any CPU
		{86331FF0-2F18-4E87-9E18-E8C74AEEBF06}.Debug|Any CPU.Build.0 = Debug|Any CPU
		{86331FF0-2F18-4E87-9E18-E8C74AEEBF06}.Release|Any CPU.ActiveCfg = Release|Any CPU
		{86331FF0-2F18-4E87-9E18-E8C74AEEBF06}.Release|Any CPU.Build.0 = Release|Any CPU
		{74B4685B-ABA9-49BA-8887-7F33D860CF9E}.Debug|Any CPU.ActiveCfg = Debug|Any CPU
		{74B4685B-ABA9-49BA-8887-7F33D860CF9E}.Debug|Any CPU.Build.0 = Debug|Any CPU
		{74B4685B-ABA9-49BA-8887-7F33D860CF9E}.Release|Any CPU.ActiveCfg = Release|Any CPU
		{74B4685B-ABA9-49BA-8887-7F33D860CF9E}.Release|Any CPU.Build.0 = Release|Any CPU
		{4AED342A-9846-46FF-8464-AFF53795DED5}.Debug|Any CPU.ActiveCfg = Debug|Any CPU
		{4AED342A-9846-46FF-8464-AFF53795DED5}.Debug|Any CPU.Build.0 = Debug|Any CPU
		{4AED342A-9846-46FF-8464-AFF53795DED5}.Release|Any CPU.ActiveCfg = Release|Any CPU
		{4AED342A-9846-46FF-8464-AFF53795DED5}.Release|Any CPU.Build.0 = Release|Any CPU
		{68543C83-F31B-4D86-905A-E29E2C23B9AE}.Debug|Any CPU.ActiveCfg = Debug|Any CPU
		{68543C83-F31B-4D86-905A-E29E2C23B9AE}.Debug|Any CPU.Build.0 = Debug|Any CPU
		{68543C83-F31B-4D86-905A-E29E2C23B9AE}.Release|Any CPU.ActiveCfg = Release|Any CPU
		{68543C83-F31B-4D86-905A-E29E2C23B9AE}.Release|Any CPU.Build.0 = Release|Any CPU
		{C68A14EB-538F-4584-89DF-3296A124FE24}.Debug|Any CPU.ActiveCfg = Debug|Any CPU
		{C68A14EB-538F-4584-89DF-3296A124FE24}.Debug|Any CPU.Build.0 = Debug|Any CPU
		{C68A14EB-538F-4584-89DF-3296A124FE24}.Release|Any CPU.ActiveCfg = Release|Any CPU
		{C68A14EB-538F-4584-89DF-3296A124FE24}.Release|Any CPU.Build.0 = Release|Any CPU
		{33679649-A3A3-42E7-8AB3-82572E6D8465}.Debug|Any CPU.ActiveCfg = Debug|Any CPU
		{33679649-A3A3-42E7-8AB3-82572E6D8465}.Debug|Any CPU.Build.0 = Debug|Any CPU
		{33679649-A3A3-42E7-8AB3-82572E6D8465}.Release|Any CPU.ActiveCfg = Release|Any CPU
		{33679649-A3A3-42E7-8AB3-82572E6D8465}.Release|Any CPU.Build.0 = Release|Any CPU
		{70741BE6-1F2A-4EFE-A01E-773368462702}.Debug|Any CPU.ActiveCfg = Debug|Any CPU
		{70741BE6-1F2A-4EFE-A01E-773368462702}.Debug|Any CPU.Build.0 = Debug|Any CPU
		{70741BE6-1F2A-4EFE-A01E-773368462702}.Release|Any CPU.ActiveCfg = Release|Any CPU
		{70741BE6-1F2A-4EFE-A01E-773368462702}.Release|Any CPU.Build.0 = Release|Any CPU
	EndGlobalSection
	GlobalSection(SolutionProperties) = preSolution
		HideSolutionNode = FALSE
	EndGlobalSection
	GlobalSection(NestedProjects) = preSolution
		{51FFE49D-FB41-499B-9289-3F89BBA64F16} = {14134D3F-60B2-4F16-ABAE-0E9AE191A9EA}
		{68E4B990-D9C6-44E0-9B18-6831B6FFD13B} = {1C368A3F-122D-4FAD-9963-96D36C40FAA6}
		{E91AD24A-7614-4506-B7C7-7A74F69FA0ED} = {1C368A3F-122D-4FAD-9963-96D36C40FAA6}
		{8F3FE094-0A8B-49FC-9FDA-9B7E8C51B520} = {1C368A3F-122D-4FAD-9963-96D36C40FAA6}
		{9D9EDF65-0B68-4A1D-964D-D1362E80AAF8} = {E65FC243-59A2-471B-B319-530DC7D16E3C}
		{76983492-9E05-4926-83CD-AB77459F20C1} = {68E4B990-D9C6-44E0-9B18-6831B6FFD13B}
		{11E7303D-079F-47FC-9379-8EE2A4629F49} = {68E4B990-D9C6-44E0-9B18-6831B6FFD13B}
		{D010882A-97FC-447B-9F70-EFDCFACDC069} = {1C368A3F-122D-4FAD-9963-96D36C40FAA6}
		{5BB68ACB-9669-4FBB-969B-94DDCF48BB39} = {D010882A-97FC-447B-9F70-EFDCFACDC069}
		{5159531E-45FC-4FB5-BF79-0459F10AE360} = {D010882A-97FC-447B-9F70-EFDCFACDC069}
		{ABBC9D48-12F3-035D-B9D5-E20A39667723} = {9D9EDF65-0B68-4A1D-964D-D1362E80AAF8}
		{C042F2F5-9A57-4B95-997C-D82E67EC7B46} = {ABBC9D48-12F3-035D-B9D5-E20A39667723}
		{86331FF0-2F18-4E87-9E18-E8C74AEEBF06} = {ABBC9D48-12F3-035D-B9D5-E20A39667723}
		{9D8BABB6-F1A7-F0B5-3C5A-B697413C2584} = {E65FC243-59A2-471B-B319-530DC7D16E3C}
		{74B4685B-ABA9-49BA-8887-7F33D860CF9E} = {9D8BABB6-F1A7-F0B5-3C5A-B697413C2584}
		{4AED342A-9846-46FF-8464-AFF53795DED5} = {D010882A-97FC-447B-9F70-EFDCFACDC069}
		{6A090A45-0E9C-9206-0271-39022BCDC1DD} = {0A407594-C3CE-416A-A276-5E0E93C0BD58}
		{1B5D89C5-053D-F492-FFEE-BA683369F8E7} = {0A407594-C3CE-416A-A276-5E0E93C0BD58}
		{68543C83-F31B-4D86-905A-E29E2C23B9AE} = {6A090A45-0E9C-9206-0271-39022BCDC1DD}
		{C68A14EB-538F-4584-89DF-3296A124FE24} = {6A090A45-0E9C-9206-0271-39022BCDC1DD}
		{33679649-A3A3-42E7-8AB3-82572E6D8465} = {6A090A45-0E9C-9206-0271-39022BCDC1DD}
		{70741BE6-1F2A-4EFE-A01E-773368462702} = {1B5D89C5-053D-F492-FFEE-BA683369F8E7}
	EndGlobalSection
EndGlobal
